<Solution>
  <Project Path="CheapBarcodes.Binding/CheapBarcodes.Binding.csproj" />
  <Project Path="CheapBarcodes.Scanning/CheapBarcodes.Scanning.csproj" />
  <Project Path="CheapBarcodes.Scanning.Tests/CheapBarcodes.Scanning.Tests.csproj" />
  <Project Path="CheapBarcodes.csproj">
    <Deploy Solution="Debug|*" />
  </Project>
</Solution>
